
Microsoft Visual Studio Solution File, Format Version 12.00
# Visual Studio Version 16
VisualStudioVersion = 16.0.31005.135
MinimumVisualStudioVersion = 10.0.40219.1
Project("{9A19103F-16F7-4668-BE54-9A1E7A4F7556}") = "ExpensesMonitor", "ExpensesMonitor\ExpensesMonitor.csproj", "{8C635447-6BB4-4D48-B46F-94402E8FFDAD}"
EndProject
Project("{9A19103F-16F7-4668-BE54-9A1E7A4F7556}") = "ExpensesMonitor.SharedLibrary", "ExpensesMonitor.SharedLibrary\ExpensesMonitor.SharedLibrary.csproj", "{F1406EAE-E72C-42AD-86F6-1D85DD682959}"
EndProject
Project("{FAE04EC0-301F-11D3-BF4B-00C04F79EFBC}") = "ExpensesMonitorTests", "ExpensesMonitorTests\ExpensesMonitorTests.csproj", "{8524C2FF-50B4-4163-9302-2756535FAE0E}"
EndProject
Global
	GlobalSection(SolutionConfigurationPlatforms) = preSolution
		Debug|Any CPU = Debug|Any CPU
		Release|Any CPU = Release|Any CPU
	EndGlobalSection
	GlobalSection(ProjectConfigurationPlatforms) = postSolution
		{8C635447-6BB4-4D48-B46F-94402E8FFDAD}.Debug|Any CPU.ActiveCfg = Debug|Any CPU
		{8C635447-6BB4-4D48-B46F-94402E8FFDAD}.Debug|Any CPU.Build.0 = Debug|Any CPU
		{8C635447-6BB4-4D48-B46F-94402E8FFDAD}.Release|Any CPU.ActiveCfg = Release|Any CPU
		{8C635447-6BB4-4D48-B46F-94402E8FFDAD}.Release|Any CPU.Build.0 = Release|Any CPU
		{F1406EAE-E72C-42AD-86F6-1D85DD682959}.Debug|Any CPU.ActiveCfg = Debug|Any CPU
		{F1406EAE-E72C-42AD-86F6-1D85DD682959}.Debug|Any CPU.Build.0 = Debug|Any CPU
		{F1406EAE-E72C-42AD-86F6-1D85DD682959}.Release|Any CPU.ActiveCfg = Release|Any CPU
		{F1406EAE-E72C-42AD-86F6-1D85DD682959}.Release|Any CPU.Build.0 = Release|Any CPU
		{8524C2FF-50B4-4163-9302-2756535FAE0E}.Debug|Any CPU.ActiveCfg = Debug|Any CPU
		{8524C2FF-50B4-4163-9302-2756535FAE0E}.Debug|Any CPU.Build.0 = Debug|Any CPU
		{8524C2FF-50B4-4163-9302-2756535FAE0E}.Release|Any CPU.ActiveCfg = Release|Any CPU
		{8524C2FF-50B4-4163-9302-2756535FAE0E}.Release|Any CPU.Build.0 = Release|Any CPU
	EndGlobalSection
	GlobalSection(SolutionProperties) = preSolution
		HideSolutionNode = FALSE
	EndGlobalSection
	GlobalSection(ExtensibilityGlobals) = postSolution
		SolutionGuid = {EA86F2F2-0B8A-45CD-864D-4049E4249AB5}
	EndGlobalSection
EndGlobal
